
Microsoft Visual Studio Solution File, Format Version 12.00
# Visual Studio 15
VisualStudioVersion = 15.0.28307.779
MinimumVisualStudioVersion = 10.0.40219.1
Project("{8BC9CEB8-8B4A-11D0-8D11-00A0C91BC942}") = "Pac-Man", "src\Pac-Man\Pac-Man.vcxproj", "{22CDD9F0-5F5B-44C4-B02C-69CBB09DD8AB}"
EndProject
Global
	GlobalSection(SolutionConfigurationPlatforms) = preSolution
		Debug|x64 = Debug|x64
		Debug|x86 = Debug|x86
		Release|x64 = Release|x64
		Release|x86 = Release|x86
	EndGlobalSection
	GlobalSection(ProjectConfigurationPlatforms) = postSolution
		{22CDD9F0-5F5B-44C4-B02C-69CBB09DD8AB}.Debug|x64.ActiveCfg = Debug|x64
		{22CDD9F0-5F5B-44C4-B02C-69CBB09DD8AB}.Debug|x64.Build.0 = Debug|x64
		{22CDD9F0-5F5B-44C4-B02C-69CBB09DD8AB}.Debug|x86.ActiveCfg = Debug|Win32
		{22CDD9F0-5F5B-44C4-B02C-69CBB09DD8AB}.Debug|x86.Build.0 = Debug|Win32
		{22CDD9F0-5F5B-44C4-B02C-69CBB09DD8AB}.Release|x64.ActiveCfg = Release|x64
		{22CDD9F0-5F5B-44C4-B02C-69CBB09DD8AB}.Release|x64.Build.0 = Release|x64
		{22CDD9F0-5F5B-44C4-B02C-69CBB09DD8AB}.Release|x86.ActiveCfg = Release|Win32
		{22CDD9F0-5F5B-44C4-B02C-69CBB09DD8AB}.Release|x86.Build.0 = Release|Win32
	EndGlobalSection
	GlobalSection(SolutionProperties) = preSolution
		HideSolutionNode = FALSE
	EndGlobalSection
	GlobalSection(ExtensibilityGlobals) = postSolution
		SolutionGuid = {3BC51AF1-AAA3-46A7-B192-FB4033231462}
	EndGlobalSection
EndGlobal
